// !$*UTF8*$!
{
	archiveVersion = 1;
	classes = {
	};
	objectVersion = 46;
	objects = {

/* Begin PBXBuildFile section */
		9A79C20A1CA915220058636E /* main.m in Sources */ = {isa = PBXBuildFile; fileRef = 9A79C2091CA915220058636E /* main.m */; };
		9A79C20D1CA915220058636E /* AppDelegate.m in Sources */ = {isa = PBXBuildFile; fileRef = 9A79C20C1CA915220058636E /* AppDelegate.m */; };
		9A79C2131CA915220058636E /* Main.storyboard in Resources */ = {isa = PBXBuildFile; fileRef = 9A79C2111CA915220058636E /* Main.storyboard */; };
		9A79C2161CA915220058636E /* test.xcdatamodeld in Sources */ = {isa = PBXBuildFile; fileRef = 9A79C2141CA915220058636E /* test.xcdatamodeld */; };
		9A79C2181CA915220058636E /* Assets.xcassets in Resources */ = {isa = PBXBuildFile; fileRef = 9A79C2171CA915220058636E /* Assets.xcassets */; };
		9A79C21B1CA915220058636E /* LaunchScreen.storyboard in Resources */ = {isa = PBXBuildFile; fileRef = 9A79C2191CA915220058636E /* LaunchScreen.storyboard */; };
		9A79C2261CA915220058636E /* testTests.m in Sources */ = {isa = PBXBuildFile; fileRef = 9A79C2251CA915220058636E /* testTests.m */; };
		9A79C2311CA915220058636E /* testUITests.m in Sources */ = {isa = PBXBuildFile; fileRef = 9A79C2301CA915220058636E /* testUITests.m */; };
		9A79C2401CA915920058636E /* OneViewController.m in Sources */ = {isa = PBXBuildFile; fileRef = 9A79C23F1CA915920058636E /* OneViewController.m */; };
		9A79C2431CA915A10058636E /* TwoViewController.m in Sources */ = {isa = PBXBuildFile; fileRef = 9A79C2421CA915A10058636E /* TwoViewController.m */; };
		9A79C25D1CA91A6A0058636E /* MWPointView.m in Sources */ = {isa = PBXBuildFile; fileRef = 9A79C2591CA91A6A0058636E /* MWPointView.m */; };
		9A79C25E1CA91A6A0058636E /* UIImage+MW.m in Sources */ = {isa = PBXBuildFile; fileRef = 9A79C25B1CA91A6A0058636E /* UIImage+MW.m */; };
		9A79C2611CA91E5B0058636E /* ThreeViewController.m in Sources */ = {isa = PBXBuildFile; fileRef = 9A79C2601CA91E5B0058636E /* ThreeViewController.m */; };
/* End PBXBuildFile section */

/* Begin PBXContainerItemProxy section */
		9A79C2221CA915220058636E /* PBXContainerItemProxy */ = {
			isa = PBXContainerItemProxy;
			containerPortal = 9A79C1FD1CA915220058636E /* Project object */;
			proxyType = 1;
			remoteGlobalIDString = 9A79C2041CA915220058636E;
			remoteInfo = test;
		};
		9A79C22D1CA915220058636E /* PBXContainerItemProxy */ = {
			isa = PBXContainerItemProxy;
			containerPortal = 9A79C1FD1CA915220058636E /* Project object */;
			proxyType = 1;
			remoteGlobalIDString = 9A79C2041CA915220058636E;
			remoteInfo = test;
		};
/* End PBXContainerItemProxy section */

/* Begin PBXFileReference section */
		9A79C2051CA915220058636E /* test.app */ = {isa = PBXFileReference; explicitFileType = wrapper.application; includeInIndex = 0; path = test.app; sourceTree = BUILT_PRODUCTS_DIR; };
		9A79C2091CA915220058636E /* main.m */ = {isa = PBXFileReference; lastKnownFileType = sourcecode.c.objc; path = main.m; sourceTree = "<group>"; };
		9A79C20B1CA915220058636E /* AppDelegate.h */ = {isa = PBXFileReference; lastKnownFileType = sourcecode.c.h; path = AppDelegate.h; sourceTree = "<group>"; };
		9A79C20C1CA915220058636E /* AppDelegate.m */ = {isa = PBXFileReference; lastKnownFileType = sourcecode.c.objc; path = AppDelegate.m; sourceTree = "<group>"; };
		9A79C2121CA915220058636E /* Base */ = {isa = PBXFileReference; lastKnownFileType = file.storyboard; name = Base; path = Base.lproj/Main.storyboard; sourceTree = "<group>"; };
		9A79C2151CA915220058636E /* test.xcdatamodel */ = {isa = PBXFileReference; lastKnownFileType = wrapper.xcdatamodel; path = test.xcdatamodel; sourceTree = "<group>"; };
		9A79C2171CA915220058636E /* Assets.xcassets */ = {isa = PBXFileReference; lastKnownFileType = folder.assetcatalog; path = Assets.xcassets; sourceTree = "<group>"; };
		9A79C21A1CA915220058636E /* Base */ = {isa = PBXFileReference; lastKnownFileType = file.storyboard; name = Base; path = Base.lproj/LaunchScreen.storyboard; sourceTree = "<group>"; };
		9A79C21C1CA915220058636E /* Info.plist */ = {isa = PBXFileReference; lastKnownFileType = text.plist.xml; path = Info.plist; sourceTree = "<group>"; };
		9A79C2211CA915220058636E /* testTests.xctest */ = {isa = PBXFileReference; explicitFileType = wrapper.cfbundle; includeInIndex = 0; path = testTests.xctest; sourceTree = BUILT_PRODUCTS_DIR; };
		9A79C2251CA915220058636E /* testTests.m */ = {isa = PBXFileReference; lastKnownFileType = sourcecode.c.objc; path = testTests.m; sourceTree = "<group>"; };
		9A79C2271CA915220058636E /* Info.plist */ = {isa = PBXFileReference; lastKnownFileType = text.plist.xml; path = Info.plist; sourceTree = "<group>"; };
		9A79C22C1CA915220058636E /* testUITests.xctest */ = {isa = PBXFileReference; explicitFileType = wrapper.cfbundle; includeInIndex = 0; path = testUITests.xctest; sourceTree = BUILT_PRODUCTS_DIR; };
		9A79C2301CA915220058636E /* testUITests.m */ = {isa = PBXFileReference; lastKnownFileType = sourcecode.c.objc; path = testUITests.m; sourceTree = "<group>"; };
		9A79C2321CA915220058636E /* Info.plist */ = {isa = PBXFileReference; lastKnownFileType = text.plist.xml; path = Info.plist; sourceTree = "<group>"; };
		9A79C23E1CA915920058636E /* OneViewController.h */ = {isa = PBXFileReference; fileEncoding = 4; lastKnownFileType = sourcecode.c.h; path = OneViewController.h; sourceTree = "<group>"; };
		9A79C23F1CA915920058636E /* OneViewController.m */ = {isa = PBXFileReference; fileEncoding = 4; lastKnownFileType = sourcecode.c.objc; path = OneViewController.m; sourceTree = "<group>"; };
		9A79C2411CA915A10058636E /* TwoViewController.h */ = {isa = PBXFileReference; fileEncoding = 4; lastKnownFileType = sourcecode.c.h; path = TwoViewController.h; sourceTree = "<group>"; };
		9A79C2421CA915A10058636E /* TwoViewController.m */ = {isa = PBXFileReference; fileEncoding = 4; lastKnownFileType = sourcecode.c.objc; path = TwoViewController.m; sourceTree = "<group>"; };
		9A79C2581CA91A6A0058636E /* MWPointView.h */ = {isa = PBXFileReference; fileEncoding = 4; lastKnownFileType = sourcecode.c.h; path = MWPointView.h; sourceTree = "<group>"; };
		9A79C2591CA91A6A0058636E /* MWPointView.m */ = {isa = PBXFileReference; fileEncoding = 4; lastKnownFileType = sourcecode.c.objc; path = MWPointView.m; sourceTree = "<group>"; };
		9A79C25A1CA91A6A0058636E /* UIImage+MW.h */ = {isa = PBXFileReference; fileEncoding = 4; lastKnownFileType = sourcecode.c.h; path = "UIImage+MW.h"; sourceTree = "<group>"; };
		9A79C25B1CA91A6A0058636E /* UIImage+MW.m */ = {isa = PBXFileReference; fileEncoding = 4; lastKnownFileType = sourcecode.c.objc; path = "UIImage+MW.m"; sourceTree = "<group>"; };
		9A79C25F1CA91E5B0058636E /* ThreeViewController.h */ = {isa = PBXFileReference; fileEncoding = 4; lastKnownFileType = sourcecode.c.h; path = ThreeViewController.h; sourceTree = "<group>"; };
		9A79C2601CA91E5B0058636E /* ThreeViewController.m */ = {isa = PBXFileReference; fileEncoding = 4; lastKnownFileType = sourcecode.c.objc; path = ThreeViewController.m; sourceTree = "<group>"; };
/* End PBXFileReference section */

/* Begin PBXFrameworksBuildPhase section */
		9A79C2021CA915220058636E /* Frameworks */ = {
			isa = PBXFrameworksBuildPhase;
			buildActionMask = 2147483647;
			files = (
			);
			runOnlyForDeploymentPostprocessing = 0;
		};
		9A79C21E1CA915220058636E /* Frameworks */ = {
			isa = PBXFrameworksBuildPhase;
			buildActionMask = 2147483647;
			files = (
			);
			runOnlyForDeploymentPostprocessing = 0;
		};
		9A79C2291CA915220058636E /* Frameworks */ = {
			isa = PBXFrameworksBuildPhase;
			buildActionMask = 2147483647;
			files = (
			);
			runOnlyForDeploymentPostprocessing = 0;
		};
/* End PBXFrameworksBuildPhase section */

/* Begin PBXGroup section */
		9A79C1FC1CA915220058636E = {
			isa = PBXGroup;
			children = (
				9A79C2071CA915220058636E /* test */,
				9A79C2241CA915220058636E /* testTests */,
				9A79C22F1CA915220058636E /* testUITests */,
				9A79C2061CA915220058636E /* Products */,
			);
			sourceTree = "<group>";
		};
		9A79C2061CA915220058636E /* Products */ = {
			isa = PBXGroup;
			children = (
				9A79C2051CA915220058636E /* test.app */,
				9A79C2211CA915220058636E /* testTests.xctest */,
				9A79C22C1CA915220058636E /* testUITests.xctest */,
			);
			name = Products;
			sourceTree = "<group>";
		};
		9A79C2071CA915220058636E /* test */ = {
			isa = PBXGroup;
			children = (
				9A79C2571CA91A6A0058636E /* View */,
				9A79C20B1CA915220058636E /* AppDelegate.h */,
				9A79C20C1CA915220058636E /* AppDelegate.m */,
				9A79C23E1CA915920058636E /* OneViewController.h */,
				9A79C23F1CA915920058636E /* OneViewController.m */,
				9A79C2411CA915A10058636E /* TwoViewController.h */,
				9A79C2421CA915A10058636E /* TwoViewController.m */,
				9A79C25F1CA91E5B0058636E /* ThreeViewController.h */,
				9A79C2601CA91E5B0058636E /* ThreeViewController.m */,
				9A79C2111CA915220058636E /* Main.storyboard */,
				9A79C2171CA915220058636E /* Assets.xcassets */,
				9A79C2191CA915220058636E /* LaunchScreen.storyboard */,
				9A79C21C1CA915220058636E /* Info.plist */,
				9A79C2141CA915220058636E /* test.xcdatamodeld */,
				9A79C2081CA915220058636E /* Supporting Files */,
			);
			path = test;
			sourceTree = "<group>";
		};
		9A79C2081CA915220058636E /* Supporting Files */ = {
			isa = PBXGroup;
			children = (
				9A79C2091CA915220058636E /* main.m */,
			);
			name = "Supporting Files";
			sourceTree = "<group>";
		};
		9A79C2241CA915220058636E /* testTests */ = {
			isa = PBXGroup;
			children = (
				9A79C2251CA915220058636E /* testTests.m */,
				9A79C2271CA915220058636E /* Info.plist */,
			);
			path = testTests;
			sourceTree = "<group>";
		};
		9A79C22F1CA915220058636E /* testUITests */ = {
			isa = PBXGroup;
			children = (
				9A79C2301CA915220058636E /* testUITests.m */,
				9A79C2321CA915220058636E /* Info.plist */,
			);
			path = testUITests;
			sourceTree = "<group>";
		};
		9A79C2571CA91A6A0058636E /* View */ = {
			isa = PBXGroup;
			children = (
				9A79C2581CA91A6A0058636E /* MWPointView.h */,
				9A79C2591CA91A6A0058636E /* MWPointView.m */,
				9A79C25A1CA91A6A0058636E /* UIImage+MW.h */,
				9A79C25B1CA91A6A0058636E /* UIImage+MW.m */,
			);
			path = View;
			sourceTree = "<group>";
		};
/* End PBXGroup section */

/* Begin PBXNativeTarget section */
		9A79C2041CA915220058636E /* test */ = {
			isa = PBXNativeTarget;
			buildConfigurationList = 9A79C2351CA915220058636E /* Build configuration list for PBXNativeTarget "test" */;
			buildPhases = (
				9A79C2011CA915220058636E /* Sources */,
				9A79C2021CA915220058636E /* Frameworks */,
				9A79C2031CA915220058636E /* Resources */,
			);
			buildRules = (
			);
			dependencies = (
			);
			name = test;
			productName = test;
			productReference = 9A79C2051CA915220058636E /* test.app */;
			productType = "com.apple.product-type.application";
		};
		9A79C2201CA915220058636E /* testTests */ = {
			isa = PBXNativeTarget;
			buildConfigurationList = 9A79C2381CA915220058636E /* Build configuration list for PBXNativeTarget "testTests" */;
			buildPhases = (
				9A79C21D1CA915220058636E /* Sources */,
				9A79C21E1CA915220058636E /* Frameworks */,
				9A79C21F1CA915220058636E /* Resources */,
			);
			buildRules = (
			);
			dependencies = (
				9A79C2231CA915220058636E /* PBXTargetDependency */,
			);
			name = testTests;
			productName = testTests;
			productReference = 9A79C2211CA915220058636E /* testTests.xctest */;
			productType = "com.apple.product-type.bundle.unit-test";
		};
		9A79C22B1CA915220058636E /* testUITests */ = {
			isa = PBXNativeTarget;
			buildConfigurationList = 9A79C23B1CA915220058636E /* Build configuration list for PBXNativeTarget "testUITests" */;
			buildPhases = (
				9A79C2281CA915220058636E /* Sources */,
				9A79C2291CA915220058636E /* Frameworks */,
				9A79C22A1CA915220058636E /* Resources */,
			);
			buildRules = (
			);
			dependencies = (
				9A79C22E1CA915220058636E /* PBXTargetDependency */,
			);
			name = testUITests;
			productName = testUITests;
			productReference = 9A79C22C1CA915220058636E /* testUITests.xctest */;
			productType = "com.apple.product-type.bundle.ui-testing";
		};
/* End PBXNativeTarget section */

/* Begin PBXProject section */
		9A79C1FD1CA915220058636E /* Project object */ = {
			isa = PBXProject;
			attributes = {
				LastUpgradeCheck = 0720;
				ORGANIZATIONNAME = macmini;
				TargetAttributes = {
					9A79C2041CA915220058636E = {
						CreatedOnToolsVersion = 7.2;
					};
					9A79C2201CA915220058636E = {
						CreatedOnToolsVersion = 7.2;
						TestTargetID = 9A79C2041CA915220058636E;
					};
					9A79C22B1CA915220058636E = {
						CreatedOnToolsVersion = 7.2;
						TestTargetID = 9A79C2041CA915220058636E;
					};
				};
			};
			buildConfigurationList = 9A79C2001CA915220058636E /* Build configuration list for PBXProject "test" */;
			compatibilityVersion = "Xcode 3.2";
			developmentRegion = English;
			hasScannedForEncodings = 0;
			knownRegions = (
				en,
				Base,
			);
			mainGroup = 9A79C1FC1CA915220058636E;
			productRefGroup = 9A79C2061CA915220058636E /* Products */;
			projectDirPath = "";
			projectRoot = "";
			targets = (
				9A79C2041CA915220058636E /* test */,
				9A79C2201CA915220058636E /* testTests */,
				9A79C22B1CA915220058636E /* testUITests */,
			);
		};
/* End PBXProject section */

/* Begin PBXResourcesBuildPhase section */
		9A79C2031CA915220058636E /* Resources */ = {
			isa = PBXResourcesBuildPhase;
			buildActionMask = 2147483647;
			files = (
				9A79C21B1CA915220058636E /* LaunchScreen.storyboard in Resources */,
				9A79C2181CA915220058636E /* Assets.xcassets in Resources */,
				9A79C2131CA915220058636E /* Main.storyboard in Resources */,
			);
			runOnlyForDeploymentPostprocessing = 0;
		};
		9A79C21F1CA915220058636E /* Resources */ = {
			isa = PBXResourcesBuildPhase;
			buildActionMask = 2147483647;
			files = (
			);
			runOnlyForDeploymentPostprocessing = 0;
		};
		9A79C22A1CA915220058636E /* Resources */ = {
			isa = PBXResourcesBuildPhase;
			buildActionMask = 2147483647;
			files = (
			);
			runOnlyForDeploymentPostprocessing = 0;
		};
/* End PBXResourcesBuildPhase section */

/* Begin PBXSourcesBuildPhase section */
		9A79C2011CA915220058636E /* Sources */ = {
			isa = PBXSourcesBuildPhase;
			buildActionMask = 2147483647;
			files = (
				9A79C25D1CA91A6A0058636E /* MWPointView.m in Sources */,
				9A79C2401CA915920058636E /* OneViewController.m in Sources */,
				9A79C2161CA915220058636E /* test.xcdatamodeld in Sources */,
				9A79C2431CA915A10058636E /* TwoViewController.m in Sources */,
				9A79C20D1CA915220058636E /* AppDelegate.m in Sources */,
				9A79C2611CA91E5B0058636E /* ThreeViewController.m in Sources */,
				9A79C20A1CA915220058636E /* main.m in Sources */,
				9A79C25E1CA91A6A0058636E /* UIImage+MW.m in Sources */,
			);
			runOnlyForDeploymentPostprocessing = 0;
		};
		9A79C21D1CA915220058636E /* Sources */ = {
			isa = PBXSourcesBuildPhase;
			buildActionMask = 2147483647;
			files = (
				9A79C2261CA915220058636E /* testTests.m in Sources */,
			);
			runOnlyForDeploymentPostprocessing = 0;
		};
		9A79C2281CA915220058636E /* Sources */ = {
			isa = PBXSourcesBuildPhase;
			buildActionMask = 2147483647;
			files = (
				9A79C2311CA915220058636E /* testUITests.m in Sources */,
			);
			runOnlyForDeploymentPostprocessing = 0;
		};
/* End PBXSourcesBuildPhase section */

/* Begin PBXTargetDependency section */
		9A79C2231CA915220058636E /* PBXTargetDependency */ = {
			isa = PBXTargetDependency;
			target = 9A79C2041CA915220058636E /* test */;
			targetProxy = 9A79C2221CA915220058636E /* PBXContainerItemProxy */;
		};
		9A79C22E1CA915220058636E /* PBXTargetDependency */ = {
			isa = PBXTargetDependency;
			target = 9A79C2041CA915220058636E /* test */;
			targetProxy = 9A79C22D1CA915220058636E /* PBXContainerItemProxy */;
		};
/* End PBXTargetDependency section */

/* Begin PBXVariantGroup section */
		9A79C2111CA915220058636E /* Main.storyboard */ = {
			isa = PBXVariantGroup;
			children = (
				9A79C2121CA915220058636E /* Base */,
			);
			name = Main.storyboard;
			sourceTree = "<group>";
		};
		9A79C2191CA915220058636E /* LaunchScreen.storyboard */ = {
			isa = PBXVariantGroup;
			children = (
				9A79C21A1CA915220058636E /* Base */,
			);
			name = LaunchScreen.storyboard;
			sourceTree = "<group>";
		};
/* End PBXVariantGroup section */

/* Begin XCBuildConfiguration section */
		9A79C2331CA915220058636E /* Debug */ = {
			isa = XCBuildConfiguration;
			buildSettings = {
				ALWAYS_SEARCH_USER_PATHS = NO;
				CLANG_CXX_LANGUAGE_STANDARD = "gnu++0x";
				CLANG_CXX_LIBRARY = "libc++";
				CLANG_ENABLE_MODULES = YES;
				CLANG_ENABLE_OBJC_ARC = YES;
				CLANG_WARN_BOOL_CONVERSION = YES;
				CLANG_WARN_CONSTANT_CONVERSION = YES;
				CLANG_WARN_DIRECT_OBJC_ISA_USAGE = YES_ERROR;
				CLANG_WARN_EMPTY_BODY = YES;
				CLANG_WARN_ENUM_CONVERSION = YES;
				CLANG_WARN_INT_CONVERSION = YES;
				CLANG_WARN_OBJC_ROOT_CLASS = YES_ERROR;
				CLANG_WARN_UNREACHABLE_CODE = YES;
				CLANG_WARN__DUPLICATE_METHOD_MATCH = YES;
				"CODE_SIGN_IDENTITY[sdk=iphoneos*]" = "iPhone Developer";
				COPY_PHASE_STRIP = NO;
				DEBUG_INFORMATION_FORMAT = dwarf;
				ENABLE_STRICT_OBJC_MSGSEND = YES;
				ENABLE_TESTABILITY = YES;
				GCC_C_LANGUAGE_STANDARD = gnu99;
				GCC_DYNAMIC_NO_PIC = NO;
				GCC_NO_COMMON_BLOCKS = YES;
				GCC_OPTIMIZATION_LEVEL = 0;
				GCC_PREPROCESSOR_DEFINITIONS = (
					"DEBUG=1",
					"$(inherited)",
				);
				GCC_WARN_64_TO_32_BIT_CONVERSION = YES;
				GCC_WARN_ABOUT_RETURN_TYPE = YES_ERROR;
				GCC_WARN_UNDECLARED_SELECTOR = YES;
				GCC_WARN_UNINITIALIZED_AUTOS = YES_AGGRESSIVE;
				GCC_WARN_UNUSED_FUNCTION = YES;
				GCC_WARN_UNUSED_VARIABLE = YES;
				IPHONEOS_DEPLOYMENT_TARGET = 6.0;
				MTL_ENABLE_DEBUG_INFO = YES;
				ONLY_ACTIVE_ARCH = YES;
				SDKROOT = iphoneos;
			};
			name = Debug;
		};
		9A79C2341CA915220058636E /* Release */ = {
			isa = XCBuildConfiguration;
			buildSettings = {
				ALWAYS_SEARCH_USER_PATHS = NO;
				CLANG_CXX_LANGUAGE_STANDARD = "gnu++0x";
				CLANG_CXX_LIBRARY = "libc++";
				CLANG_ENABLE_MODULES = YES;
				CLANG_ENABLE_OBJC_ARC = YES;
				CLANG_WARN_BOOL_CONVERSION = YES;
				CLANG_WARN_CONSTANT_CONVERSION = YES;
				CLANG_WARN_DIRECT_OBJC_ISA_USAGE = YES_ERROR;
				CLANG_WARN_EMPTY_BODY = YES;
				CLANG_WARN_ENUM_CONVERSION = YES;
				CLANG_WARN_INT_CONVERSION = YES;
				CLANG_WARN_OBJC_ROOT_CLASS = YES_ERROR;
				CLANG_WARN_UNREACHABLE_CODE = YES;
				CLANG_WARN__DUPLICATE_METHOD_MATCH = YES;
				"CODE_SIGN_IDENTITY[sdk=iphoneos*]" = "iPhone Developer";
				COPY_PHASE_STRIP = NO;
				DEBUG_INFORMATION_FORMAT = "dwarf-with-dsym";
				ENABLE_NS_ASSERTIONS = NO;
				ENABLE_STRICT_OBJC_MSGSEND = YES;
				GCC_C_LANGUAGE_STANDARD = gnu99;
				GCC_NO_COMMON_BLOCKS = YES;
				GCC_WARN_64_TO_32_BIT_CONVERSION = YES;
				GCC_WARN_ABOUT_RETURN_TYPE = YES_ERROR;
				GCC_WARN_UNDECLARED_SELECTOR = YES;
				GCC_WARN_UNINITIALIZED_AUTOS = YES_AGGRESSIVE;
				GCC_WARN_UNUSED_FUNCTION = YES;
				GCC_WARN_UNUSED_VARIABLE = YES;
				IPHONEOS_DEPLOYMENT_TARGET = 6.0;
				MTL_ENABLE_DEBUG_INFO = NO;
				SDKROOT = iphoneos;
				VALIDATE_PRODUCT = YES;
			};
			name = Release;
		};
		9A79C2361CA915220058636E /* Debug */ = {
			isa = XCBuildConfiguration;
			buildSettings = {
				ASSETCATALOG_COMPILER_APPICON_NAME = AppIcon;
				INFOPLIST_FILE = test/Info.plist;
				IPHONEOS_DEPLOYMENT_TARGET = 6.0;
				LD_RUNPATH_SEARCH_PATHS = "$(inherited) @executable_path/Frameworks";
				PRODUCT_BUNDLE_IDENTIFIER = susu.test;
				PRODUCT_NAME = "$(TARGET_NAME)";
			};
			name = Debug;
		};
		9A79C2371CA915220058636E /* Release */ = {
			isa = XCBuildConfiguration;
			buildSettings = {
				ASSETCATALOG_COMPILER_APPICON_NAME = AppIcon;
				INFOPLIST_FILE = test/Info.plist;
				IPHONEOS_DEPLOYMENT_TARGET = 6.0;
				LD_RUNPATH_SEARCH_PATHS = "$(inherited) @executable_path/Frameworks";
				PRODUCT_BUNDLE_IDENTIFIER = susu.test;
				PRODUCT_NAME = "$(TARGET_NAME)";
			};
			name = Release;
		};
		9A79C2391CA915220058636E /* Debug */ = {
			isa = XCBuildConfiguration;
			buildSettings = {
				BUNDLE_LOADER = "$(TEST_HOST)";
				INFOPLIST_FILE = testTests/Info.plist;
				LD_RUNPATH_SEARCH_PATHS = "$(inherited) @executable_path/Frameworks @loader_path/Frameworks";
				PRODUCT_BUNDLE_IDENTIFIER = susu.testTests;
				PRODUCT_NAME = "$(TARGET_NAME)";
				TEST_HOST = "$(BUILT_PRODUCTS_DIR)/test.app/test";
			};
			name = Debug;
		};
		9A79C23A1CA915220058636E /* Release */ = {
			isa = XCBuildConfiguration;
			buildSettings = {
				BUNDLE_LOADER = "$(TEST_HOST)";
				INFOPLIST_FILE = testTests/Info.plist;
				LD_RUNPATH_SEARCH_PATHS = "$(inherited) @executable_path/Frameworks @loader_path/Frameworks";
				PRODUCT_BUNDLE_IDENTIFIER = susu.testTests;
				PRODUCT_NAME = "$(TARGET_NAME)";
				TEST_HOST = "$(BUILT_PRODUCTS_DIR)/test.app/test";
			};
			name = Release;
		};
		9A79C23C1CA915220058636E /* Debug */ = {
			isa = XCBuildConfiguration;
			buildSettings = {
				INFOPLIST_FILE = testUITests/Info.plist;
				LD_RUNPATH_SEARCH_PATHS = "$(inherited) @executable_path/Frameworks @loader_path/Frameworks";
				PRODUCT_BUNDLE_IDENTIFIER = susu.testUITests;
				PRODUCT_NAME = "$(TARGET_NAME)";
				TEST_TARGET_NAME = test;
				USES_XCTRUNNER = YES;
			};
			name = Debug;
		};
		9A79C23D1CA915220058636E /* Release */ = {
			isa = XCBuildConfiguration;
			buildSettings = {
				INFOPLIST_FILE = testUITests/Info.plist;
				LD_RUNPATH_SEARCH_PATHS = "$(inherited) @executable_path/Frameworks @loader_path/Frameworks";
				PRODUCT_BUNDLE_IDENTIFIER = susu.testUITests;
				PRODUCT_NAME = "$(TARGET_NAME)";
				TEST_TARGET_NAME = test;
				USES_XCTRUNNER = YES;
			};
			name = Release;
		};
/* End XCBuildConfiguration section */

/* Begin XCConfigurationList section */
		9A79C2001CA915220058636E /* Build configuration list for PBXProject "test" */ = {
			isa = XCConfigurationList;
			buildConfigurations = (
				9A79C2331CA915220058636E /* Debug */,
				9A79C2341CA915220058636E /* Release */,
			);
			defaultConfigurationIsVisible = 0;
			defaultConfigurationName = Release;
		};
		9A79C2351CA915220058636E /* Build configuration list for PBXNativeTarget "test" */ = {
			isa = XCConfigurationList;
			buildConfigurations = (
				9A79C2361CA915220058636E /* Debug */,
				9A79C2371CA915220058636E /* Release */,
			);
			defaultConfigurationIsVisible = 0;
			defaultConfigurationName = Release;
		};
		9A79C2381CA915220058636E /* Build configuration list for PBXNativeTarget "testTests" */ = {
			isa = XCConfigurationList;
			buildConfigurations = (
				9A79C2391CA915220058636E /* Debug */,
				9A79C23A1CA915220058636E /* Release */,
			);
			defaultConfigurationIsVisible = 0;
			defaultConfigurationName = Release;
		};
		9A79C23B1CA915220058636E /* Build configuration list for PBXNativeTarget "testUITests" */ = {
			isa = XCConfigurationList;
			buildConfigurations = (
				9A79C23C1CA915220058636E /* Debug */,
				9A79C23D1CA915220058636E /* Release */,
			);
			defaultConfigurationIsVisible = 0;
			defaultConfigurationName = Release;
		};
/* End XCConfigurationList section */

/* Begin XCVersionGroup section */
		9A79C2141CA915220058636E /* test.xcdatamodeld */ = {
			isa = XCVersionGroup;
			children = (
				9A79C2151CA915220058636E /* test.xcdatamodel */,
			);
			currentVersion = 9A79C2151CA915220058636E /* test.xcdatamodel */;
			path = test.xcdatamodeld;
			sourceTree = "<group>";
			versionGroupType = wrapper.xcdatamodel;
		};
/* End XCVersionGroup section */
	};
	rootObject = 9A79C1FD1CA915220058636E /* Project object */;
}
